
Microsoft Visual Studio Solution File, Format Version 12.00
# Visual Studio Version 17
VisualStudioVersion = 17.14.36221.1 d17.14
MinimumVisualStudioVersion = 10.0.40219.1
Project("{FAE04EC0-301F-11D3-BF4B-00C04F79EFBC}") = "Cheesemongers", "Cheesemongers\Cheesemongers.csproj", "{13CA5A66-B20D-4D3A-B19D-49E8AFC35DBA}"
EndProject
Project("{FAE04EC0-301F-11D3-BF4B-00C04F79EFBC}") = "CheeseMongers.Tests", "CheeseMongers.Tests\CheeseMongers.Tests.csproj", "{BBFA84B8-26E9-4AC6-B011-417781C9C7C9}"
EndProject
Global
	GlobalSection(SolutionConfigurationPlatforms) = preSolution
		Debug|Any CPU = Debug|Any CPU
		Release|Any CPU = Release|Any CPU
	EndGlobalSection
	GlobalSection(ProjectConfigurationPlatforms) = postSolution
		{13CA5A66-B20D-4D3A-B19D-49E8AFC35DBA}.Debug|Any CPU.ActiveCfg = Debug|Any CPU
		{13CA5A66-B20D-4D3A-B19D-49E8AFC35DBA}.Debug|Any CPU.Build.0 = Debug|Any CPU
		{13CA5A66-B20D-4D3A-B19D-49E8AFC35DBA}.Release|Any CPU.ActiveCfg = Release|Any CPU
		{13CA5A66-B20D-4D3A-B19D-49E8AFC35DBA}.Release|Any CPU.Build.0 = Release|Any CPU
		{BBFA84B8-26E9-4AC6-B011-417781C9C7C9}.Debug|Any CPU.ActiveCfg = Debug|Any CPU
		{BBFA84B8-26E9-4AC6-B011-417781C9C7C9}.Debug|Any CPU.Build.0 = Debug|Any CPU
		{BBFA84B8-26E9-4AC6-B011-417781C9C7C9}.Release|Any CPU.ActiveCfg = Release|Any CPU
		{BBFA84B8-26E9-4AC6-B011-417781C9C7C9}.Release|Any CPU.Build.0 = Release|Any CPU
	EndGlobalSection
	GlobalSection(SolutionProperties) = preSolution
		HideSolutionNode = FALSE
	EndGlobalSection
	GlobalSection(ExtensibilityGlobals) = postSolution
		SolutionGuid = {679B2F6E-4507-4FA4-AF07-FFCD8C1808C8}
	EndGlobalSection
EndGlobal
